// !$*UTF8*$!
{
	archiveVersion = 1;
	classes = {
	};
	objectVersion = 55;
	objects = {

/* Begin PBXBuildFile section */
		77D778D828CA07B100A2B495 /* MusicPlayerApp.swift in Sources */ = {isa = PBXBuildFile; fileRef = 77D778C828CA07AE00A2B495 /* MusicPlayerApp.swift */; };
		77D778DA28CA07B100A2B495 /* ContentView.swift in Sources */ = {isa = PBXBuildFile; fileRef = 77D778C928CA07AE00A2B495 /* ContentView.swift */; };
		77D778DC28CA07B100A2B495 /* Assets.xcassets in Resources */ = {isa = PBXBuildFile; fileRef = 77D778CA28CA07B100A2B495 /* Assets.xcassets */; };
		77D778E728CA07D600A2B495 /* Song.swift in Sources */ = {isa = PBXBuildFile; fileRef = 77D778E628CA07D600A2B495 /* Song.swift */; };
		77D778EA28CA08F800A2B495 /* Playlist.swift in Sources */ = {isa = PBXBuildFile; fileRef = 77D778E928CA08F800A2B495 /* Playlist.swift */; };
		77D778F628CA0CA900A2B495 /* SongsListView.swift in Sources */ = {isa = PBXBuildFile; fileRef = 77D778F528CA0CA900A2B495 /* SongsListView.swift */; };
		77D778F928CA0D6200A2B495 /* SongsView.swift in Sources */ = {isa = PBXBuildFile; fileRef = 77D778F828CA0D6200A2B495 /* SongsView.swift */; };
		77D778FC28CA10BE00A2B495 /* PlayerView.swift in Sources */ = {isa = PBXBuildFile; fileRef = 77D778FB28CA10BE00A2B495 /* PlayerView.swift */; };
		77D778FE28CA162E00A2B495 /* PlaylistsView.swift in Sources */ = {isa = PBXBuildFile; fileRef = 77D778FD28CA162E00A2B495 /* PlaylistsView.swift */; };
		77D7790028CA177000A2B495 /* ListRow.swift in Sources */ = {isa = PBXBuildFile; fileRef = 77D778FF28CA177000A2B495 /* ListRow.swift */; };
		77D7790228CA1E7600A2B495 /* Player.swift in Sources */ = {isa = PBXBuildFile; fileRef = 77D7790128CA1E7600A2B495 /* Player.swift */; };
/* End PBXBuildFile section */

/* Begin PBXFileReference section */
		77D778C828CA07AE00A2B495 /* MusicPlayerApp.swift */ = {isa = PBXFileReference; lastKnownFileType = sourcecode.swift; path = MusicPlayerApp.swift; sourceTree = "<group>"; };
		77D778C928CA07AE00A2B495 /* ContentView.swift */ = {isa = PBXFileReference; lastKnownFileType = sourcecode.swift; path = ContentView.swift; sourceTree = "<group>"; };
		77D778CA28CA07B100A2B495 /* Assets.xcassets */ = {isa = PBXFileReference; lastKnownFileType = folder.assetcatalog; path = Assets.xcassets; sourceTree = "<group>"; };
		77D778CF28CA07B100A2B495 /* MusicPlayer.app */ = {isa = PBXFileReference; explicitFileType = wrapper.application; includeInIndex = 0; path = MusicPlayer.app; sourceTree = BUILT_PRODUCTS_DIR; };
		77D778D728CA07B100A2B495 /* macOS.entitlements */ = {isa = PBXFileReference; lastKnownFileType = text.plist.entitlements; path = macOS.entitlements; sourceTree = "<group>"; };
		77D778E628CA07D600A2B495 /* Song.swift */ = {isa = PBXFileReference; lastKnownFileType = sourcecode.swift; path = Song.swift; sourceTree = "<group>"; };
		77D778E928CA08F800A2B495 /* Playlist.swift */ = {isa = PBXFileReference; lastKnownFileType = sourcecode.swift; path = Playlist.swift; sourceTree = "<group>"; };
		77D778F528CA0CA900A2B495 /* SongsListView.swift */ = {isa = PBXFileReference; lastKnownFileType = sourcecode.swift; path = SongsListView.swift; sourceTree = "<group>"; };
		77D778F828CA0D6200A2B495 /* SongsView.swift */ = {isa = PBXFileReference; lastKnownFileType = sourcecode.swift; path = SongsView.swift; sourceTree = "<group>"; };
		77D778FB28CA10BE00A2B495 /* PlayerView.swift */ = {isa = PBXFileReference; lastKnownFileType = sourcecode.swift; path = PlayerView.swift; sourceTree = "<group>"; };
		77D778FD28CA162E00A2B495 /* PlaylistsView.swift */ = {isa = PBXFileReference; lastKnownFileType = sourcecode.swift; path = PlaylistsView.swift; sourceTree = "<group>"; };
		77D778FF28CA177000A2B495 /* ListRow.swift */ = {isa = PBXFileReference; lastKnownFileType = sourcecode.swift; path = ListRow.swift; sourceTree = "<group>"; };
		77D7790128CA1E7600A2B495 /* Player.swift */ = {isa = PBXFileReference; lastKnownFileType = sourcecode.swift; path = Player.swift; sourceTree = "<group>"; };
/* End PBXFileReference section */

/* Begin PBXFrameworksBuildPhase section */
		77D778CC28CA07B100A2B495 /* Frameworks */ = {
			isa = PBXFrameworksBuildPhase;
			buildActionMask = 2147483647;
			files = (
			);
			runOnlyForDeploymentPostprocessing = 0;
		};
/* End PBXFrameworksBuildPhase section */

/* Begin PBXGroup section */
		77B0C4FD28CB2FED00FE35FF /* Model */ = {
			isa = PBXGroup;
			children = (
				77D778E628CA07D600A2B495 /* Song.swift */,
				77D778E928CA08F800A2B495 /* Playlist.swift */,
			);
			path = Model;
			sourceTree = "<group>";
		};
		77B0C4FE28CB302A00FE35FF /* View */ = {
			isa = PBXGroup;
			children = (
				77D778C928CA07AE00A2B495 /* ContentView.swift */,
				77D778F528CA0CA900A2B495 /* SongsListView.swift */,
				77D778F828CA0D6200A2B495 /* SongsView.swift */,
				77D778FB28CA10BE00A2B495 /* PlayerView.swift */,
				77D778FD28CA162E00A2B495 /* PlaylistsView.swift */,
				77D778FF28CA177000A2B495 /* ListRow.swift */,
			);
			path = View;
			sourceTree = "<group>";
		};
		77B0C4FF28CB30AD00FE35FF /* Helper */ = {
			isa = PBXGroup;
			children = (
				77D7790128CA1E7600A2B495 /* Player.swift */,
			);
			path = Helper;
			sourceTree = "<group>";
		};
		77D778C228CA07AE00A2B495 = {
			isa = PBXGroup;
			children = (
				77D778C728CA07AE00A2B495 /* Shared */,
				77D778D628CA07B100A2B495 /* macOS */,
				77D778D028CA07B100A2B495 /* Products */,
			);
			sourceTree = "<group>";
		};
		77D778C728CA07AE00A2B495 /* Shared */ = {
			isa = PBXGroup;
			children = (
				77D778C828CA07AE00A2B495 /* MusicPlayerApp.swift */,
				77D778CA28CA07B100A2B495 /* Assets.xcassets */,
				77B0C4FD28CB2FED00FE35FF /* Model */,
				77B0C4FE28CB302A00FE35FF /* View */,
				77B0C4FF28CB30AD00FE35FF /* Helper */,
			);
			path = Shared;
			sourceTree = "<group>";
		};
		77D778D028CA07B100A2B495 /* Products */ = {
			isa = PBXGroup;
			children = (
				77D778CF28CA07B100A2B495 /* MusicPlayer.app */,
			);
			name = Products;
			sourceTree = "<group>";
		};
		77D778D628CA07B100A2B495 /* macOS */ = {
			isa = PBXGroup;
			children = (
				77D778D728CA07B100A2B495 /* macOS.entitlements */,
			);
			path = macOS;
			sourceTree = "<group>";
		};
/* End PBXGroup section */

/* Begin PBXNativeTarget section */
		77D778CE28CA07B100A2B495 /* MusicPlayer (iOS) */ = {
			isa = PBXNativeTarget;
			buildConfigurationList = 77D778E028CA07B100A2B495 /* Build configuration list for PBXNativeTarget "MusicPlayer (iOS)" */;
			buildPhases = (
				77D778CB28CA07B100A2B495 /* Sources */,
				77D778CC28CA07B100A2B495 /* Frameworks */,
				77D778CD28CA07B100A2B495 /* Resources */,
			);
			buildRules = (
			);
			dependencies = (
			);
			name = "MusicPlayer (iOS)";
			productName = "MusicPlayer (iOS)";
			productReference = 77D778CF28CA07B100A2B495 /* MusicPlayer.app */;
			productType = "com.apple.product-type.application";
		};
/* End PBXNativeTarget section */

/* Begin PBXProject section */
		77D778C328CA07AE00A2B495 /* Project object */ = {
			isa = PBXProject;
			attributes = {
				BuildIndependentTargetsInParallel = 1;
				LastSwiftUpdateCheck = 1340;
				LastUpgradeCheck = 1340;
				TargetAttributes = {
					77D778CE28CA07B100A2B495 = {
						CreatedOnToolsVersion = 13.4.1;
					};
				};
			};
			buildConfigurationList = 77D778C628CA07AE00A2B495 /* Build configuration list for PBXProject "MusicPlayer" */;
			compatibilityVersion = "Xcode 13.0";
			developmentRegion = en;
			hasScannedForEncodings = 0;
			knownRegions = (
				en,
				Base,
			);
			mainGroup = 77D778C228CA07AE00A2B495;
			productRefGroup = 77D778D028CA07B100A2B495 /* Products */;
			projectDirPath = "";
			projectRoot = "";
			targets = (
				77D778CE28CA07B100A2B495 /* MusicPlayer (iOS) */,
			);
		};
/* End PBXProject section */

/* Begin PBXResourcesBuildPhase section */
		77D778CD28CA07B100A2B495 /* Resources */ = {
			isa = PBXResourcesBuildPhase;
			buildActionMask = 2147483647;
			files = (
				77D778DC28CA07B100A2B495 /* Assets.xcassets in Resources */,
			);
			runOnlyForDeploymentPostprocessing = 0;
		};
/* End PBXResourcesBuildPhase section */

/* Begin PBXSourcesBuildPhase section */
		77D778CB28CA07B100A2B495 /* Sources */ = {
			isa = PBXSourcesBuildPhase;
			buildActionMask = 2147483647;
			files = (
				77D7790228CA1E7600A2B495 /* Player.swift in Sources */,
				77D778FE28CA162E00A2B495 /* PlaylistsView.swift in Sources */,
				77D778FC28CA10BE00A2B495 /* PlayerView.swift in Sources */,
				77D778E728CA07D600A2B495 /* Song.swift in Sources */,
				77D778DA28CA07B100A2B495 /* ContentView.swift in Sources */,
				77D778F628CA0CA900A2B495 /* SongsListView.swift in Sources */,
				77D778D828CA07B100A2B495 /* MusicPlayerApp.swift in Sources */,
				77D7790028CA177000A2B495 /* ListRow.swift in Sources */,
				77D778EA28CA08F800A2B495 /* Playlist.swift in Sources */,
				77D778F928CA0D6200A2B495 /* SongsView.swift in Sources */,
			);
			runOnlyForDeploymentPostprocessing = 0;
		};
/* End PBXSourcesBuildPhase section */

/* Begin XCBuildConfiguration section */
		77D778DE28CA07B100A2B495 /* Debug */ = {
			isa = XCBuildConfiguration;
			buildSettings = {
				ALWAYS_SEARCH_USER_PATHS = NO;
				CLANG_ANALYZER_NONNULL = YES;
				CLANG_ANALYZER_NUMBER_OBJECT_CONVERSION = YES_AGGRESSIVE;
				CLANG_CXX_LANGUAGE_STANDARD = "gnu++17";
				CLANG_ENABLE_MODULES = YES;
				CLANG_ENABLE_OBJC_ARC = YES;
				CLANG_ENABLE_OBJC_WEAK = YES;
				CLANG_WARN_BLOCK_CAPTURE_AUTORELEASING = YES;
				CLANG_WARN_BOOL_CONVERSION = YES;
				CLANG_WARN_COMMA = YES;
				CLANG_WARN_CONSTANT_CONVERSION = YES;
				CLANG_WARN_DEPRECATED_OBJC_IMPLEMENTATIONS = YES;
				CLANG_WARN_DIRECT_OBJC_ISA_USAGE = YES_ERROR;
				CLANG_WARN_DOCUMENTATION_COMMENTS = YES;
				CLANG_WARN_EMPTY_BODY = YES;
				CLANG_WARN_ENUM_CONVERSION = YES;
				CLANG_WARN_INFINITE_RECURSION = YES;
				CLANG_WARN_INT_CONVERSION = YES;
				CLANG_WARN_NON_LITERAL_NULL_CONVERSION = YES;
				CLANG_WARN_OBJC_IMPLICIT_RETAIN_SELF = YES;
				CLANG_WARN_OBJC_LITERAL_CONVERSION = YES;
				CLANG_WARN_OBJC_ROOT_CLASS = YES_ERROR;
				CLANG_WARN_QUOTED_INCLUDE_IN_FRAMEWORK_HEADER = YES;
				CLANG_WARN_RANGE_LOOP_ANALYSIS = YES;
				CLANG_WARN_STRICT_PROTOTYPES = YES;
				CLANG_WARN_SUSPICIOUS_MOVE = YES;
				CLANG_WARN_UNGUARDED_AVAILABILITY = YES_AGGRESSIVE;
				CLANG_WARN_UNREACHABLE_CODE = YES;
				CLANG_WARN__DUPLICATE_METHOD_MATCH = YES;
				COPY_PHASE_STRIP = NO;
				DEBUG_INFORMATION_FORMAT = dwarf;
				ENABLE_STRICT_OBJC_MSGSEND = YES;
				ENABLE_TESTABILITY = YES;
				GCC_C_LANGUAGE_STANDARD = gnu11;
				GCC_DYNAMIC_NO_PIC = NO;
				GCC_NO_COMMON_BLOCKS = YES;
				GCC_OPTIMIZATION_LEVEL = 0;
				GCC_PREPROCESSOR_DEFINITIONS = (
					"DEBUG=1",
					"$(inherited)",
				);
				GCC_WARN_64_TO_32_BIT_CONVERSION = YES;
				GCC_WARN_ABOUT_RETURN_TYPE = YES_ERROR;
				GCC_WARN_UNDECLARED_SELECTOR = YES;
				GCC_WARN_UNINITIALIZED_AUTOS = YES_AGGRESSIVE;
				GCC_WARN_UNUSED_FUNCTION = YES;
				GCC_WARN_UNUSED_VARIABLE = YES;
				MTL_ENABLE_DEBUG_INFO = INCLUDE_SOURCE;
				MTL_FAST_MATH = YES;
				ONLY_ACTIVE_ARCH = YES;
				SWIFT_ACTIVE_COMPILATION_CONDITIONS = DEBUG;
				SWIFT_OPTIMIZATION_LEVEL = "-Onone";
			};
			name = Debug;
		};
		77D778DF28CA07B100A2B495 /* Release */ = {
			isa = XCBuildConfiguration;
			buildSettings = {
				ALWAYS_SEARCH_USER_PATHS = NO;
				CLANG_ANALYZER_NONNULL = YES;
				CLANG_ANALYZER_NUMBER_OBJECT_CONVERSION = YES_AGGRESSIVE;
				CLANG_CXX_LANGUAGE_STANDARD = "gnu++17";
				CLANG_ENABLE_MODULES = YES;
				CLANG_ENABLE_OBJC_ARC = YES;
				CLANG_ENABLE_OBJC_WEAK = YES;
				CLANG_WARN_BLOCK_CAPTURE_AUTORELEASING = YES;
				CLANG_WARN_BOOL_CONVERSION = YES;
				CLANG_WARN_COMMA = YES;
				CLANG_WARN_CONSTANT_CONVERSION = YES;
				CLANG_WARN_DEPRECATED_OBJC_IMPLEMENTATIONS = YES;
				CLANG_WARN_DIRECT_OBJC_ISA_USAGE = YES_ERROR;
				CLANG_WARN_DOCUMENTATION_COMMENTS = YES;
				CLANG_WARN_EMPTY_BODY = YES;
				CLANG_WARN_ENUM_CONVERSION = YES;
				CLANG_WARN_INFINITE_RECURSION = YES;
				CLANG_WARN_INT_CONVERSION = YES;
				CLANG_WARN_NON_LITERAL_NULL_CONVERSION = YES;
				CLANG_WARN_OBJC_IMPLICIT_RETAIN_SELF = YES;
				CLANG_WARN_OBJC_LITERAL_CONVERSION = YES;
				CLANG_WARN_OBJC_ROOT_CLASS = YES_ERROR;
				CLANG_WARN_QUOTED_INCLUDE_IN_FRAMEWORK_HEADER = YES;
				CLANG_WARN_RANGE_LOOP_ANALYSIS = YES;
				CLANG_WARN_STRICT_PROTOTYPES = YES;
				CLANG_WARN_SUSPICIOUS_MOVE = YES;
				CLANG_WARN_UNGUARDED_AVAILABILITY = YES_AGGRESSIVE;
				CLANG_WARN_UNREACHABLE_CODE = YES;
				CLANG_WARN__DUPLICATE_METHOD_MATCH = YES;
				COPY_PHASE_STRIP = NO;
				DEBUG_INFORMATION_FORMAT = "dwarf-with-dsym";
				ENABLE_NS_ASSERTIONS = NO;
				ENABLE_STRICT_OBJC_MSGSEND = YES;
				GCC_C_LANGUAGE_STANDARD = gnu11;
				GCC_NO_COMMON_BLOCKS = YES;
				GCC_WARN_64_TO_32_BIT_CONVERSION = YES;
				GCC_WARN_ABOUT_RETURN_TYPE = YES_ERROR;
				GCC_WARN_UNDECLARED_SELECTOR = YES;
				GCC_WARN_UNINITIALIZED_AUTOS = YES_AGGRESSIVE;
				GCC_WARN_UNUSED_FUNCTION = YES;
				GCC_WARN_UNUSED_VARIABLE = YES;
				MTL_ENABLE_DEBUG_INFO = NO;
				MTL_FAST_MATH = YES;
				SWIFT_COMPILATION_MODE = wholemodule;
				SWIFT_OPTIMIZATION_LEVEL = "-O";
			};
			name = Release;
		};
		77D778E128CA07B100A2B495 /* Debug */ = {
			isa = XCBuildConfiguration;
			buildSettings = {
				ASSETCATALOG_COMPILER_APPICON_NAME = AppIcon;
				ASSETCATALOG_COMPILER_GLOBAL_ACCENT_COLOR_NAME = AccentColor;
				CODE_SIGN_STYLE = Automatic;
				CURRENT_PROJECT_VERSION = 1;
				DEVELOPMENT_TEAM = L37G4965TF;
				ENABLE_PREVIEWS = YES;
				GENERATE_INFOPLIST_FILE = YES;
				INFOPLIST_KEY_UIApplicationSceneManifest_Generation = YES;
				INFOPLIST_KEY_UIApplicationSupportsIndirectInputEvents = YES;
				INFOPLIST_KEY_UILaunchScreen_Generation = YES;
				INFOPLIST_KEY_UISupportedInterfaceOrientations = UIInterfaceOrientationPortrait;
				INFOPLIST_KEY_UISupportedInterfaceOrientations_iPad = "UIInterfaceOrientationPortrait UIInterfaceOrientationPortraitUpsideDown UIInterfaceOrientationLandscapeLeft UIInterfaceOrientationLandscapeRight";
				INFOPLIST_KEY_UISupportedInterfaceOrientations_iPhone = "UIInterfaceOrientationPortrait UIInterfaceOrientationLandscapeLeft UIInterfaceOrientationLandscapeRight";
				IPHONEOS_DEPLOYMENT_TARGET = 15.5;
				LD_RUNPATH_SEARCH_PATHS = (
					"$(inherited)",
					"@executable_path/Frameworks",
				);
				MARKETING_VERSION = 1.0;
				PRODUCT_BUNDLE_IDENTIFIER = abalas.MusicPlayer;
				PRODUCT_NAME = MusicPlayer;
				SDKROOT = iphoneos;
				SWIFT_EMIT_LOC_STRINGS = YES;
				SWIFT_VERSION = 5.0;
				TARGETED_DEVICE_FAMILY = 1;
			};
			name = Debug;
		};
		77D778E228CA07B100A2B495 /* Release */ = {
			isa = XCBuildConfiguration;
			buildSettings = {
				ASSETCATALOG_COMPILER_APPICON_NAME = AppIcon;
				ASSETCATALOG_COMPILER_GLOBAL_ACCENT_COLOR_NAME = AccentColor;
				CODE_SIGN_STYLE = Automatic;
				CURRENT_PROJECT_VERSION = 1;
				DEVELOPMENT_TEAM = L37G4965TF;
				ENABLE_PREVIEWS = YES;
				GENERATE_INFOPLIST_FILE = YES;
				INFOPLIST_KEY_UIApplicationSceneManifest_Generation = YES;
				INFOPLIST_KEY_UIApplicationSupportsIndirectInputEvents = YES;
				INFOPLIST_KEY_UILaunchScreen_Generation = YES;
				INFOPLIST_KEY_UISupportedInterfaceOrientations = UIInterfaceOrientationPortrait;
				INFOPLIST_KEY_UISupportedInterfaceOrientations_iPad = "UIInterfaceOrientationPortrait UIInterfaceOrientationPortraitUpsideDown UIInterfaceOrientationLandscapeLeft UIInterfaceOrientationLandscapeRight";
				INFOPLIST_KEY_UISupportedInterfaceOrientations_iPhone = "UIInterfaceOrientationPortrait UIInterfaceOrientationLandscapeLeft UIInterfaceOrientationLandscapeRight";
				IPHONEOS_DEPLOYMENT_TARGET = 15.5;
				LD_RUNPATH_SEARCH_PATHS = (
					"$(inherited)",
					"@executable_path/Frameworks",
				);
				MARKETING_VERSION = 1.0;
				PRODUCT_BUNDLE_IDENTIFIER = abalas.MusicPlayer;
				PRODUCT_NAME = MusicPlayer;
				SDKROOT = iphoneos;
				SWIFT_EMIT_LOC_STRINGS = YES;
				SWIFT_VERSION = 5.0;
				TARGETED_DEVICE_FAMILY = 1;
				VALIDATE_PRODUCT = YES;
			};
			name = Release;
		};
/* End XCBuildConfiguration section */

/* Begin XCConfigurationList section */
		77D778C628CA07AE00A2B495 /* Build configuration list for PBXProject "MusicPlayer" */ = {
			isa = XCConfigurationList;
			buildConfigurations = (
				77D778DE28CA07B100A2B495 /* Debug */,
				77D778DF28CA07B100A2B495 /* Release */,
			);
			defaultConfigurationIsVisible = 0;
			defaultConfigurationName = Release;
		};
		77D778E028CA07B100A2B495 /* Build configuration list for PBXNativeTarget "MusicPlayer (iOS)" */ = {
			isa = XCConfigurationList;
			buildConfigurations = (
				77D778E128CA07B100A2B495 /* Debug */,
				77D778E228CA07B100A2B495 /* Release */,
			);
			defaultConfigurationIsVisible = 0;
			defaultConfigurationName = Release;
		};
/* End XCConfigurationList section */
	};
	rootObject = 77D778C328CA07AE00A2B495 /* Project object */;
}
